GEM
  remote: https://rubygems.org/
  specs:
    diff-lcs (1.6.2)
    rack (3.2.4)
    rackup (2.3.1)
      rack (>= 3)
    rspec (3.13.2)
      rspec-core (~> 3.13.0)
      rspec-expectations (~> 3.13.0)
      rspec-mocks (~> 3.13.0)
    rspec-core (3.13.6)
      rspec-support (~> 3.13.0)
    rspec-expectations (3.13.5)
      diff-lcs (>= 1.2.0, < 2.0)
      rspec-support (~> 3.13.0)
    rspec-mocks (3.13.7)
      diff-lcs (>= 1.2.0, < 2.0)
      rspec-support (~> 3.13.0)
    rspec-support (3.13.7)
    webrick (1.9.2)

PLATFORMS
  x86_64-linux

DEPENDENCIES
  rack
  rackup
  rspec
  webrick

BUNDLED WITH
   2.4.12
